// !$*UTF8*$!
{
	archiveVersion = 1;
	classes = {
	};
	objectVersion = 51;
	objects = {

/* Begin PBXBuildFile section */
		5503A78823BDAFC900DD5DF1 /* Task.swift in Sources */ = {isa = PBXBuildFile; fileRef = 5503A78723BDAFC900DD5DF1 /* Task.swift */; };
		55B3E9C723B9B1CD00447679 /* AppDelegate.swift in Sources */ = {isa = PBXBuildFile; fileRef = 55B3E9C623B9B1CD00447679 /* AppDelegate.swift */; };
		55B3E9C923B9B1CD00447679 /* SceneDelegate.swift in Sources */ = {isa = PBXBuildFile; fileRef = 55B3E9C823B9B1CD00447679 /* SceneDelegate.swift */; };
		55B3E9CB23B9B1CD00447679 /* ViewController.swift in Sources */ = {isa = PBXBuildFile; fileRef = 55B3E9CA23B9B1CD00447679 /* ViewController.swift */; };
		55B3E9CE23B9B1CD00447679 /* Main.storyboard in Resources */ = {isa = PBXBuildFile; fileRef = 55B3E9CC23B9B1CD00447679 /* Main.storyboard */; };
		55B3E9D023B9B1CF00447679 /* Assets.xcassets in Resources */ = {isa = PBXBuildFile; fileRef = 55B3E9CF23B9B1CF00447679 /* Assets.xcassets */; };
		55B3E9D323B9B1CF00447679 /* LaunchScreen.storyboard in Resources */ = {isa = PBXBuildFile; fileRef = 55B3E9D123B9B1CF00447679 /* LaunchScreen.storyboard */; };
		55E9A73E23BA277D002320C9 /* InputViewController.swift in Sources */ = {isa = PBXBuildFile; fileRef = 55E9A73D23BA277D002320C9 /* InputViewController.swift */; };
		BB5DAE9FE6330CDE7CDFDAD1 /* Pods_taskApp.framework in Frameworks */ = {isa = PBXBuildFile; fileRef = FE6A5270B8C19F3220DC3DD9 /* Pods_taskApp.framework */; };
/* End PBXBuildFile section */

/* Begin PBXFileReference section */
		097D899F8627913D9E8F35A8 /* Pods-taskApp.debug.xcconfig */ = {isa = PBXFileReference; includeInIndex = 1; lastKnownFileType = text.xcconfig; name = "Pods-taskApp.debug.xcconfig"; path = "Target Support Files/Pods-taskApp/Pods-taskApp.debug.xcconfig"; sourceTree = "<group>"; };
		48F4DE82FA9CF1BDEB5EEB51 /* Pods-taskApp.release.xcconfig */ = {isa = PBXFileReference; includeInIndex = 1; lastKnownFileType = text.xcconfig; name = "Pods-taskApp.release.xcconfig"; path = "Target Support Files/Pods-taskApp/Pods-taskApp.release.xcconfig"; sourceTree = "<group>"; };
		5503A78723BDAFC900DD5DF1 /* Task.swift */ = {isa = PBXFileReference; lastKnownFileType = sourcecode.swift; path = Task.swift; sourceTree = "<group>"; };
		55B3E9C323B9B1CD00447679 /* taskApp.app */ = {isa = PBXFileReference; explicitFileType = wrapper.application; includeInIndex = 0; path = taskApp.app; sourceTree = BUILT_PRODUCTS_DIR; };
		55B3E9C623B9B1CD00447679 /* AppDelegate.swift */ = {isa = PBXFileReference; lastKnownFileType = sourcecode.swift; path = AppDelegate.swift; sourceTree = "<group>"; };
		55B3E9C823B9B1CD00447679 /* SceneDelegate.swift */ = {isa = PBXFileReference; lastKnownFileType = sourcecode.swift; path = SceneDelegate.swift; sourceTree = "<group>"; };
		55B3E9CA23B9B1CD00447679 /* ViewController.swift */ = {isa = PBXFileReference; lastKnownFileType = sourcecode.swift; path = ViewController.swift; sourceTree = "<group>"; };
		55B3E9CD23B9B1CD00447679 /* Base */ = {isa = PBXFileReference; lastKnownFileType = file.storyboard; name = Base; path = Base.lproj/Main.storyboard; sourceTree = "<group>"; };
		55B3E9CF23B9B1CF00447679 /* Assets.xcassets */ = {isa = PBXFileReference; lastKnownFileType = folder.assetcatalog; path = Assets.xcassets; sourceTree = "<group>"; };
		55B3E9D223B9B1CF00447679 /* Base */ = {isa = PBXFileReference; lastKnownFileType = file.storyboard; name = Base; path = Base.lproj/LaunchScreen.storyboard; sourceTree = "<group>"; };
		55B3E9D423B9B1CF00447679 /* Info.plist */ = {isa = PBXFileReference; lastKnownFileType = text.plist.xml; path = Info.plist; sourceTree = "<group>"; };
		55E9A73D23BA277D002320C9 /* InputViewController.swift */ = {isa = PBXFileReference; lastKnownFileType = sourcecode.swift; path = InputViewController.swift; sourceTree = "<group>"; };
		FE6A5270B8C19F3220DC3DD9 /* Pods_taskApp.framework */ = {isa = PBXFileReference; explicitFileType = wrapper.framework; includeInIndex = 0; path = Pods_taskApp.framework; sourceTree = BUILT_PRODUCTS_DIR; };
/* End PBXFileReference section */

/* Begin PBXFrameworksBuildPhase section */
		55B3E9C023B9B1CD00447679 /* Frameworks */ = {
			isa = PBXFrameworksBuildPhase;
			buildActionMask = 2147483647;
			files = (
				BB5DAE9FE6330CDE7CDFDAD1 /* Pods_taskApp.framework in Frameworks */,
			);
			runOnlyForDeploymentPostprocessing = 0;
		};
/* End PBXFrameworksBuildPhase section */

/* Begin PBXGroup section */
		55B3E9BA23B9B1CD00447679 = {
			isa = PBXGroup;
			children = (
				55B3E9C523B9B1CD00447679 /* taskApp */,
				55B3E9C423B9B1CD00447679 /* Products */,
				FA6ACFB3634AA703135E1918 /* Pods */,
				9D58D52AAB180C95AC791D77 /* Frameworks */,
			);
			sourceTree = "<group>";
		};
		55B3E9C423B9B1CD00447679 /* Products */ = {
			isa = PBXGroup;
			children = (
				55B3E9C323B9B1CD00447679 /* taskApp.app */,
			);
			name = Products;
			sourceTree = "<group>";
		};
		55B3E9C523B9B1CD00447679 /* taskApp */ = {
			isa = PBXGroup;
			children = (
				55B3E9C623B9B1CD00447679 /* AppDelegate.swift */,
				5503A78723BDAFC900DD5DF1 /* Task.swift */,
				55B3E9C823B9B1CD00447679 /* SceneDelegate.swift */,
				55B3E9CA23B9B1CD00447679 /* ViewController.swift */,
				55E9A73D23BA277D002320C9 /* InputViewController.swift */,
				55B3E9CC23B9B1CD00447679 /* Main.storyboard */,
				55B3E9CF23B9B1CF00447679 /* Assets.xcassets */,
				55B3E9D123B9B1CF00447679 /* LaunchScreen.storyboard */,
				55B3E9D423B9B1CF00447679 /* Info.plist */,
			);
			path = taskApp;
			sourceTree = "<group>";
		};
		9D58D52AAB180C95AC791D77 /* Frameworks */ = {
			isa = PBXGroup;
			children = (
				FE6A5270B8C19F3220DC3DD9 /* Pods_taskApp.framework */,
			);
			name = Frameworks;
			sourceTree = "<group>";
		};
		FA6ACFB3634AA703135E1918 /* Pods */ = {
			isa = PBXGroup;
			children = (
				097D899F8627913D9E8F35A8 /* Pods-taskApp.debug.xcconfig */,
				48F4DE82FA9CF1BDEB5EEB51 /* Pods-taskApp.release.xcconfig */,
			);
			path = Pods;
			sourceTree = "<group>";
		};
/* End PBXGroup section */

/* Begin PBXNativeTarget section */
		55B3E9C223B9B1CD00447679 /* taskApp */ = {
			isa = PBXNativeTarget;
			buildConfigurationList = 55B3E9D723B9B1CF00447679 /* Build configuration list for PBXNativeTarget "taskApp" */;
			buildPhases = (
				A9A655540A68546040878283 /* [CP] Check Pods Manifest.lock */,
				55B3E9BF23B9B1CD00447679 /* Sources */,
				55B3E9C023B9B1CD00447679 /* Frameworks */,
				55B3E9C123B9B1CD00447679 /* Resources */,
				167AB8A45289EFF1572DA587 /* [CP] Embed Pods Frameworks */,
			);
			buildRules = (
			);
			dependencies = (
			);
			name = taskApp;
			productName = taskApp;
			productReference = 55B3E9C323B9B1CD00447679 /* taskApp.app */;
			productType = "com.apple.product-type.application";
		};
/* End PBXNativeTarget section */

/* Begin PBXProject section */
		55B3E9BB23B9B1CD00447679 /* Project object */ = {
			isa = PBXProject;
			attributes = {
				LastSwiftUpdateCheck = 1130;
				LastUpgradeCheck = 1130;
				ORGANIZATIONNAME = ryosuke.aoki;
				TargetAttributes = {
					55B3E9C223B9B1CD00447679 = {
						CreatedOnToolsVersion = 11.3;
					};
				};
			};
			buildConfigurationList = 55B3E9BE23B9B1CD00447679 /* Build configuration list for PBXProject "taskApp" */;
			compatibilityVersion = "Xcode 9.3";
			developmentRegion = en;
			hasScannedForEncodings = 0;
			knownRegions = (
				en,
				Base,
			);
			mainGroup = 55B3E9BA23B9B1CD00447679;
			productRefGroup = 55B3E9C423B9B1CD00447679 /* Products */;
			projectDirPath = "";
			projectRoot = "";
			targets = (
				55B3E9C223B9B1CD00447679 /* taskApp */,
			);
		};
/* End PBXProject section */

/* Begin PBXResourcesBuildPhase section */
		55B3E9C123B9B1CD00447679 /* Resources */ = {
			isa = PBXResourcesBuildPhase;
			buildActionMask = 2147483647;
			files = (
				55B3E9D323B9B1CF00447679 /* LaunchScreen.storyboard in Resources */,
				55B3E9D023B9B1CF00447679 /* Assets.xcassets in Resources */,
				55B3E9CE23B9B1CD00447679 /* Main.storyboard in Resources */,
			);
			runOnlyForDeploymentPostprocessing = 0;
		};
/* End PBXResourcesBuildPhase section */

/* Begin PBXShellScriptBuildPhase section */
		167AB8A45289EFF1572DA587 /* [CP] Embed Pods Frameworks */ = {
			isa = PBXShellScriptBuildPhase;
			buildActionMask = 2147483647;
			files = (
			);
			inputFileListPaths = (
				"${PODS_ROOT}/Target Support Files/Pods-taskApp/Pods-taskApp-frameworks-${CONFIGURATION}-input-files.xcfilelist",
			);
			name = "[CP] Embed Pods Frameworks";
			outputFileListPaths = (
				"${PODS_ROOT}/Target Support Files/Pods-taskApp/Pods-taskApp-frameworks-${CONFIGURATION}-output-files.xcfilelist",
			);
			runOnlyForDeploymentPostprocessing = 0;
			shellPath = /bin/sh;
			shellScript = "\"${PODS_ROOT}/Target Support Files/Pods-taskApp/Pods-taskApp-frameworks.sh\"\n";
			showEnvVarsInLog = 0;
		};
		A9A655540A68546040878283 /* [CP] Check Pods Manifest.lock */ = {
			isa = PBXShellScriptBuildPhase;
			buildActionMask = 2147483647;
			files = (
			);
			inputFileListPaths = (
			);
			inputPaths = (
				"${PODS_PODFILE_DIR_PATH}/Podfile.lock",
				"${PODS_ROOT}/Manifest.lock",
			);
			name = "[CP] Check Pods Manifest.lock";
			outputFileListPaths = (
			);
			outputPaths = (
				"$(DERIVED_FILE_DIR)/Pods-taskApp-checkManifestLockResult.txt",
			);
			runOnlyForDeploymentPostprocessing = 0;
			shellPath = /bin/sh;
			shellScript = "diff \"${PODS_PODFILE_DIR_PATH}/Podfile.lock\" \"${PODS_ROOT}/Manifest.lock\" > /dev/null\nif [ $? != 0 ] ; then\n    # print error to STDERR\n    echo \"error: The sandbox is not in sync with the Podfile.lock. Run 'pod install' or update your CocoaPods installation.\" >&2\n    exit 1\nfi\n# This output is used by Xcode 'outputs' to avoid re-running this script phase.\necho \"SUCCESS\" > \"${SCRIPT_OUTPUT_FILE_0}\"\n";
			showEnvVarsInLog = 0;
		};
/* End PBXShellScriptBuildPhase section */

/* Begin PBXSourcesBuildPhase section */
		55B3E9BF23B9B1CD00447679 /* Sources */ = {
			isa = PBXSourcesBuildPhase;
			buildActionMask = 2147483647;
			files = (
				55B3E9CB23B9B1CD00447679 /* ViewController.swift in Sources */,
				55B3E9C723B9B1CD00447679 /* AppDelegate.swift in Sources */,
				5503A78823BDAFC900DD5DF1 /* Task.swift in Sources */,
				55B3E9C923B9B1CD00447679 /* SceneDelegate.swift in Sources */,
				55E9A73E23BA277D002320C9 /* InputViewController.swift in Sources */,
			);
			runOnlyForDeploymentPostprocessing = 0;
		};
/* End PBXSourcesBuildPhase section */

/* Begin PBXVariantGroup section */
		55B3E9CC23B9B1CD00447679 /* Main.storyboard */ = {
			isa = PBXVariantGroup;
			children = (
				55B3E9CD23B9B1CD00447679 /* Base */,
			);
			name = Main.storyboard;
			sourceTree = "<group>";
		};
		55B3E9D123B9B1CF00447679 /* LaunchScreen.storyboard */ = {
			isa = PBXVariantGroup;
			children = (
				55B3E9D223B9B1CF00447679 /* Base */,
			);
			name = LaunchScreen.storyboard;
			sourceTree = "<group>";
		};
/* End PBXVariantGroup section */

/* Begin XCBuildConfiguration section */
		55B3E9D523B9B1CF00447679 /* Debug */ = {
			isa = XCBuildConfiguration;
			buildSettings = {
				ALWAYS_SEARCH_USER_PATHS = NO;
				CLANG_ANALYZER_NONNULL = YES;
				CLANG_ANALYZER_NUMBER_OBJECT_CONVERSION = YES_AGGRESSIVE;
				CLANG_CXX_LANGUAGE_STANDARD = "gnu++14";
				CLANG_CXX_LIBRARY = "libc++";
				CLANG_ENABLE_MODULES = YES;
				CLANG_ENABLE_OBJC_ARC = YES;
				CLANG_ENABLE_OBJC_WEAK = YES;
				CLANG_WARN_BLOCK_CAPTURE_AUTORELEASING = YES;
				CLANG_WARN_BOOL_CONVERSION = YES;
				CLANG_WARN_COMMA = YES;
				CLANG_WARN_CONSTANT_CONVERSION = YES;
				CLANG_WARN_DEPRECATED_OBJC_IMPLEMENTATIONS = YES;
				CLANG_WARN_DIRECT_OBJC_ISA_USAGE = YES_ERROR;
				CLANG_WARN_DOCUMENTATION_COMMENTS = YES;
				CLANG_WARN_EMPTY_BODY = YES;
				CLANG_WARN_ENUM_CONVERSION = YES;
				CLANG_WARN_INFINITE_RECURSION = YES;
				CLANG_WARN_INT_CONVERSION = YES;
				CLANG_WARN_NON_LITERAL_NULL_CONVERSION = YES;
				CLANG_WARN_OBJC_IMPLICIT_RETAIN_SELF = YES;
				CLANG_WARN_OBJC_LITERAL_CONVERSION = YES;
				CLANG_WARN_OBJC_ROOT_CLASS = YES_ERROR;
				CLANG_WARN_RANGE_LOOP_ANALYSIS = YES;
				CLANG_WARN_STRICT_PROTOTYPES = YES;
				CLANG_WARN_SUSPICIOUS_MOVE = YES;
				CLANG_WARN_UNGUARDED_AVAILABILITY = YES_AGGRESSIVE;
				CLANG_WARN_UNREACHABLE_CODE = YES;
				CLANG_WARN__DUPLICATE_METHOD_MATCH = YES;
				COPY_PHASE_STRIP = NO;
				DEBUG_INFORMATION_FORMAT = dwarf;
				ENABLE_STRICT_OBJC_MSGSEND = YES;
				ENABLE_TESTABILITY = YES;
				GCC_C_LANGUAGE_STANDARD = gnu11;
				GCC_DYNAMIC_NO_PIC = NO;
				GCC_NO_COMMON_BLOCKS = YES;
				GCC_OPTIMIZATION_LEVEL = 0;
				GCC_PREPROCESSOR_DEFINITIONS = (
					"DEBUG=1",
					"$(inherited)",
				);
				GCC_WARN_64_TO_32_BIT_CONVERSION = YES;
				GCC_WARN_ABOUT_RETURN_TYPE = YES_ERROR;
				GCC_WARN_UNDECLARED_SELECTOR = YES;
				GCC_WARN_UNINITIALIZED_AUTOS = YES_AGGRESSIVE;
				GCC_WARN_UNUSED_FUNCTION = YES;
				GCC_WARN_UNUSED_VARIABLE = YES;
				IPHONEOS_DEPLOYMENT_TARGET = 13.2;
				MTL_ENABLE_DEBUG_INFO = INCLUDE_SOURCE;
				MTL_FAST_MATH = YES;
				ONLY_ACTIVE_ARCH = YES;
				SDKROOT = iphoneos;
				SWIFT_ACTIVE_COMPILATION_CONDITIONS = DEBUG;
				SWIFT_OPTIMIZATION_LEVEL = "-Onone";
			};
			name = Debug;
		};
		55B3E9D623B9B1CF00447679 /* Release */ = {
			isa = XCBuildConfiguration;
			buildSettings = {
				ALWAYS_SEARCH_USER_PATHS = NO;
				CLANG_ANALYZER_NONNULL = YES;
				CLANG_ANALYZER_NUMBER_OBJECT_CONVERSION = YES_AGGRESSIVE;
				CLANG_CXX_LANGUAGE_STANDARD = "gnu++14";
				CLANG_CXX_LIBRARY = "libc++";
				CLANG_ENABLE_MODULES = YES;
				CLANG_ENABLE_OBJC_ARC = YES;
				CLANG_ENABLE_OBJC_WEAK = YES;
				CLANG_WARN_BLOCK_CAPTURE_AUTORELEASING = YES;
				CLANG_WARN_BOOL_CONVERSION = YES;
				CLANG_WARN_COMMA = YES;
				CLANG_WARN_CONSTANT_CONVERSION = YES;
				CLANG_WARN_DEPRECATED_OBJC_IMPLEMENTATIONS = YES;
				CLANG_WARN_DIRECT_OBJC_ISA_USAGE = YES_ERROR;
				CLANG_WARN_DOCUMENTATION_COMMENTS = YES;
				CLANG_WARN_EMPTY_BODY = YES;
				CLANG_WARN_ENUM_CONVERSION = YES;
				CLANG_WARN_INFINITE_RECURSION = YES;
				CLANG_WARN_INT_CONVERSION = YES;
				CLANG_WARN_NON_LITERAL_NULL_CONVERSION = YES;
				CLANG_WARN_OBJC_IMPLICIT_RETAIN_SELF = YES;
				CLANG_WARN_OBJC_LITERAL_CONVERSION = YES;
				CLANG_WARN_OBJC_ROOT_CLASS = YES_ERROR;
				CLANG_WARN_RANGE_LOOP_ANALYSIS = YES;
				CLANG_WARN_STRICT_PROTOTYPES = YES;
				CLANG_WARN_SUSPICIOUS_MOVE = YES;
				CLANG_WARN_UNGUARDED_AVAILABILITY = YES_AGGRESSIVE;
				CLANG_WARN_UNREACHABLE_CODE = YES;
				CLANG_WARN__DUPLICATE_METHOD_MATCH = YES;
				COPY_PHASE_STRIP = NO;
				DEBUG_INFORMATION_FORMAT = "dwarf-with-dsym";
				ENABLE_NS_ASSERTIONS = NO;
				ENABLE_STRICT_OBJC_MSGSEND = YES;
				GCC_C_LANGUAGE_STANDARD = gnu11;
				GCC_NO_COMMON_BLOCKS = YES;
				GCC_WARN_64_TO_32_BIT_CONVERSION = YES;
				GCC_WARN_ABOUT_RETURN_TYPE = YES_ERROR;
				GCC_WARN_UNDECLARED_SELECTOR = YES;
				GCC_WARN_UNINITIALIZED_AUTOS = YES_AGGRESSIVE;
				GCC_WARN_UNUSED_FUNCTION = YES;
				GCC_WARN_UNUSED_VARIABLE = YES;
				IPHONEOS_DEPLOYMENT_TARGET = 13.2;
				MTL_ENABLE_DEBUG_INFO = NO;
				MTL_FAST_MATH = YES;
				SDKROOT = iphoneos;
				SWIFT_COMPILATION_MODE = wholemodule;
				SWIFT_OPTIMIZATION_LEVEL = "-O";
				VALIDATE_PRODUCT = YES;
			};
			name = Release;
		};
		55B3E9D823B9B1CF00447679 /* Debug */ = {
			isa = XCBuildConfiguration;
			baseConfigurationReference = 097D899F8627913D9E8F35A8 /* Pods-taskApp.debug.xcconfig */;
			buildSettings = {
				ASSETCATALOG_COMPILER_APPICON_NAME = AppIcon;
				CODE_SIGN_STYLE = Automatic;
				DEVELOPMENT_TEAM = 5Y8BLX36D2;
				INFOPLIST_FILE = taskApp/Info.plist;
				LD_RUNPATH_SEARCH_PATHS = (
					"$(inherited)",
					"@executable_path/Frameworks",
				);
				PRODUCT_BUNDLE_IDENTIFIER = jp.techacademy.ryosuke.aoki.taskApp;
				PRODUCT_NAME = "$(TARGET_NAME)";
				SWIFT_VERSION = 5.0;
				TARGETED_DEVICE_FAMILY = 1;
			};
			name = Debug;
		};
		55B3E9D923B9B1CF00447679 /* Release */ = {
			isa = XCBuildConfiguration;
			baseConfigurationReference = 48F4DE82FA9CF1BDEB5EEB51 /* Pods-taskApp.release.xcconfig */;
			buildSettings = {
				ASSETCATALOG_COMPILER_APPICON_NAME = AppIcon;
				CODE_SIGN_STYLE = Automatic;
				DEVELOPMENT_TEAM = 5Y8BLX36D2;
				INFOPLIST_FILE = taskApp/Info.plist;
				LD_RUNPATH_SEARCH_PATHS = (
					"$(inherited)",
					"@executable_path/Frameworks",
				);
				PRODUCT_BUNDLE_IDENTIFIER = jp.techacademy.ryosuke.aoki.taskApp;
				PRODUCT_NAME = "$(TARGET_NAME)";
				SWIFT_VERSION = 5.0;
				TARGETED_DEVICE_FAMILY = 1;
			};
			name = Release;
		};
/* End XCBuildConfiguration section */

/* Begin XCConfigurationList section */
		55B3E9BE23B9B1CD00447679 /* Build configuration list for PBXProject "taskApp" */ = {
			isa = XCConfigurationList;
			buildConfigurations = (
				55B3E9D523B9B1CF00447679 /* Debug */,
				55B3E9D623B9B1CF00447679 /* Release */,
			);
			defaultConfigurationIsVisible = 0;
			defaultConfigurationName = Release;
		};
		55B3E9D723B9B1CF00447679 /* Build configuration list for PBXNativeTarget "taskApp" */ = {
			isa = XCConfigurationList;
			buildConfigurations = (
				55B3E9D823B9B1CF00447679 /* Debug */,
				55B3E9D923B9B1CF00447679 /* Release */,
			);
			defaultConfigurationIsVisible = 0;
			defaultConfigurationName = Release;
		};
/* End XCConfigurationList section */
	};
	rootObject = 55B3E9BB23B9B1CD00447679 /* Project object */;
}
